{
  "name": "vizzu-video-embed",
  "version": "0.1.0",
  "lockfileVersion": 3,
  "requires": true,
  "packages": {
    "": {
      "name": "vizzu-video-embed",
      "version": "0.1.0",
      "license": "MIT",
      "devDependencies": {
        "@vizzu/prettier-config": "^0.1.0",
        "prettier": "^3.4.2"
      }
    },
    "node_modules/@vizzu/prettier-config": {
      "version": "0.1.0",
      "resolved": "https://registry.npmjs.org/@vizzu/prettier-config/-/prettier-config-0.1.0.tgz",
      "integrity": "sha512-q+wW9v8u7tr+DDZ01EeHX2FIP255RF05o9WA+E+K6xweD+2aLeJae5/P4OcPJa3gqc168/6+8ZNfpbWS1kpgtw==",
      "dev": true,
      "peerDependencies": {
        "prettier": "^3.1.0"
      }
    },
    "node_modules/prettier": {
      "version": "3.4.2",
      "resolved": "https://registry.npmjs.org/prettier/-/prettier-3.4.2.tgz",
      "integrity": "sha512-e9MewbtFo+Fevyuxn/4rrcDAaq0IYxPGLvObpQjiZBMAzB9IGmzlnG9RZy3FFas+eBMu2vA0CszMeduow5dIuQ==",
      "dev": true,
      "license": "MIT",
      "bin": {
        "prettier": "bin/prettier.cjs"
      },
      "engines": {
        "node": ">=14"
      },
      "funding": {
        "url": "https://github.com/prettier/prettier?sponsor=1"
      }
    }
  }
}
